
Microsoft Visual Studio Solution File, Format Version 12.00
# Visual Studio 15
VisualStudioVersion = 15.0.28307.106
MinimumVisualStudioVersion = 10.0.40219.1
Project("{FAE04EC0-301F-11D3-BF4B-00C04F79EFBC}") = "Core", "Core\Core.csproj", "{92E8D455-0274-4F52-B93A-7AAECB388CA8}"
EndProject
Project("{FAE04EC0-301F-11D3-BF4B-00C04F79EFBC}") = "Northwind.Entites", "Northwind.Entites\Northwind.Entites.csproj", "{F0FFACD2-3D67-4168-88ED-24A61BD043B1}"
EndProject
Project("{FAE04EC0-301F-11D3-BF4B-00C04F79EFBC}") = "Northwind.DataAccess", "Northwind.DataAccess\Northwind.DataAccess.csproj", "{557F87D1-5AF2-4435-93AA-FAE5CCF51651}"
EndProject
Project("{FAE04EC0-301F-11D3-BF4B-00C04F79EFBC}") = "Northwind.Business", "Northwind.Business\Northwind.Business.csproj", "{F76728A0-50F3-475A-8AED-33D55D2ED3FE}"
EndProject
Project("{FAE04EC0-301F-11D3-BF4B-00C04F79EFBC}") = "Northwind.MvcWebUI", "Northwind.MvcWebUI\Northwind.MvcWebUI.csproj", "{280D840D-1907-4941-A80B-C4B457404E59}"
EndProject
Global
	GlobalSection(SolutionConfigurationPlatforms) = preSolution
		Debug|Any CPU = Debug|Any CPU
		Release|Any CPU = Release|Any CPU
	EndGlobalSection
	GlobalSection(ProjectConfigurationPlatforms) = postSolution
		{92E8D455-0274-4F52-B93A-7AAECB388CA8}.Debug|Any CPU.ActiveCfg = Debug|Any CPU
		{92E8D455-0274-4F52-B93A-7AAECB388CA8}.Debug|Any CPU.Build.0 = Debug|Any CPU
		{92E8D455-0274-4F52-B93A-7AAECB388CA8}.Release|Any CPU.ActiveCfg = Release|Any CPU
		{92E8D455-0274-4F52-B93A-7AAECB388CA8}.Release|Any CPU.Build.0 = Release|Any CPU
		{F0FFACD2-3D67-4168-88ED-24A61BD043B1}.Debug|Any CPU.ActiveCfg = Debug|Any CPU
		{F0FFACD2-3D67-4168-88ED-24A61BD043B1}.Debug|Any CPU.Build.0 = Debug|Any CPU
		{F0FFACD2-3D67-4168-88ED-24A61BD043B1}.Release|Any CPU.ActiveCfg = Release|Any CPU
		{F0FFACD2-3D67-4168-88ED-24A61BD043B1}.Release|Any CPU.Build.0 = Release|Any CPU
		{557F87D1-5AF2-4435-93AA-FAE5CCF51651}.Debug|Any CPU.ActiveCfg = Debug|Any CPU
		{557F87D1-5AF2-4435-93AA-FAE5CCF51651}.Debug|Any CPU.Build.0 = Debug|Any CPU
		{557F87D1-5AF2-4435-93AA-FAE5CCF51651}.Release|Any CPU.ActiveCfg = Release|Any CPU
		{557F87D1-5AF2-4435-93AA-FAE5CCF51651}.Release|Any CPU.Build.0 = Release|Any CPU
		{F76728A0-50F3-475A-8AED-33D55D2ED3FE}.Debug|Any CPU.ActiveCfg = Debug|Any CPU
		{F76728A0-50F3-475A-8AED-33D55D2ED3FE}.Debug|Any CPU.Build.0 = Debug|Any CPU
		{F76728A0-50F3-475A-8AED-33D55D2ED3FE}.Release|Any CPU.ActiveCfg = Release|Any CPU
		{F76728A0-50F3-475A-8AED-33D55D2ED3FE}.Release|Any CPU.Build.0 = Release|Any CPU
		{280D840D-1907-4941-A80B-C4B457404E59}.Debug|Any CPU.ActiveCfg = Debug|Any CPU
		{280D840D-1907-4941-A80B-C4B457404E59}.Debug|Any CPU.Build.0 = Debug|Any CPU
		{280D840D-1907-4941-A80B-C4B457404E59}.Release|Any CPU.ActiveCfg = Release|Any CPU
		{280D840D-1907-4941-A80B-C4B457404E59}.Release|Any CPU.Build.0 = Release|Any CPU
	EndGlobalSection
	GlobalSection(SolutionProperties) = preSolution
		HideSolutionNode = FALSE
	EndGlobalSection
	GlobalSection(ExtensibilityGlobals) = postSolution
		SolutionGuid = {D1B47D58-C98C-4ACC-8635-A7BC33FC5324}
	EndGlobalSection
EndGlobal
